// !$*UTF8*$!
{
	archiveVersion = 1;
	classes = {
	};
	objectVersion = 55;
	objects = {

/* Begin PBXBuildFile section */
		879190482755844B00A6A29A /* Constraints.swift in Sources */ = {isa = PBXBuildFile; fileRef = 879190402755844B00A6A29A /* Constraints.swift */; };
		879190492755844B00A6A29A /* Anchor.swift in Sources */ = {isa = PBXBuildFile; fileRef = 879190412755844B00A6A29A /* Anchor.swift */; };
		8791904A2755844B00A6A29A /* LayoutExtensions.swift in Sources */ = {isa = PBXBuildFile; fileRef = 879190422755844B00A6A29A /* LayoutExtensions.swift */; };
		8791904B2755844B00A6A29A /* Axes.swift in Sources */ = {isa = PBXBuildFile; fileRef = 879190432755844B00A6A29A /* Axes.swift */; };
		8791904C2755844B00A6A29A /* Size.swift in Sources */ = {isa = PBXBuildFile; fileRef = 879190442755844B00A6A29A /* Size.swift */; };
		8791904D2755844B00A6A29A /* KeyboardPresenting.swift in Sources */ = {isa = PBXBuildFile; fileRef = 879190452755844B00A6A29A /* KeyboardPresenting.swift */; };
		8791904E2755844B00A6A29A /* Constrainable.swift in Sources */ = {isa = PBXBuildFile; fileRef = 879190462755844B00A6A29A /* Constrainable.swift */; };
		8791904F2755844B00A6A29A /* Constraining.swift in Sources */ = {isa = PBXBuildFile; fileRef = 879190472755844B00A6A29A /* Constraining.swift */; };
		87919051275586DF00A6A29A /* NSLayoutConstraint.swift in Sources */ = {isa = PBXBuildFile; fileRef = 87919050275586DF00A6A29A /* NSLayoutConstraint.swift */; };
		87E77FB7274BF19600D0EAA4 /* AppDelegate.swift in Sources */ = {isa = PBXBuildFile; fileRef = 87E77FB6274BF19600D0EAA4 /* AppDelegate.swift */; };
		87E77FB9274BF19600D0EAA4 /* SceneDelegate.swift in Sources */ = {isa = PBXBuildFile; fileRef = 87E77FB8274BF19600D0EAA4 /* SceneDelegate.swift */; };
		87E77FBB274BF19600D0EAA4 /* ViewController.swift in Sources */ = {isa = PBXBuildFile; fileRef = 87E77FBA274BF19600D0EAA4 /* ViewController.swift */; };
		87E77FBE274BF19600D0EAA4 /* Main.storyboard in Resources */ = {isa = PBXBuildFile; fileRef = 87E77FBC274BF19600D0EAA4 /* Main.storyboard */; };
		87E77FC0274BF19800D0EAA4 /* Assets.xcassets in Resources */ = {isa = PBXBuildFile; fileRef = 87E77FBF274BF19800D0EAA4 /* Assets.xcassets */; };
		87E77FC3274BF19800D0EAA4 /* LaunchScreen.storyboard in Resources */ = {isa = PBXBuildFile; fileRef = 87E77FC1274BF19800D0EAA4 /* LaunchScreen.storyboard */; };
		87E77FCB274BF1B400D0EAA4 /* PreviewView.swift in Sources */ = {isa = PBXBuildFile; fileRef = 87E77FCA274BF1B400D0EAA4 /* PreviewView.swift */; };
		87E77FCD274BF1BA00D0EAA4 /* Configurable.swift in Sources */ = {isa = PBXBuildFile; fileRef = 87E77FCC274BF1BA00D0EAA4 /* Configurable.swift */; };
		87E77FCF274BF4C700D0EAA4 /* CameraController.swift in Sources */ = {isa = PBXBuildFile; fileRef = 87E77FCE274BF4C700D0EAA4 /* CameraController.swift */; };
		87E77FD1274C03FB00D0EAA4 /* AudioController.swift in Sources */ = {isa = PBXBuildFile; fileRef = 87E77FD0274C03FB00D0EAA4 /* AudioController.swift */; };
/* End PBXBuildFile section */

/* Begin PBXFileReference section */
		879190402755844B00A6A29A /* Constraints.swift */ = {isa = PBXFileReference; fileEncoding = 4; lastKnownFileType = sourcecode.swift; path = Constraints.swift; sourceTree = "<group>"; };
		879190412755844B00A6A29A /* Anchor.swift */ = {isa = PBXFileReference; fileEncoding = 4; lastKnownFileType = sourcecode.swift; path = Anchor.swift; sourceTree = "<group>"; };
		879190422755844B00A6A29A /* LayoutExtensions.swift */ = {isa = PBXFileReference; fileEncoding = 4; lastKnownFileType = sourcecode.swift; path = LayoutExtensions.swift; sourceTree = "<group>"; };
		879190432755844B00A6A29A /* Axes.swift */ = {isa = PBXFileReference; fileEncoding = 4; lastKnownFileType = sourcecode.swift; path = Axes.swift; sourceTree = "<group>"; };
		879190442755844B00A6A29A /* Size.swift */ = {isa = PBXFileReference; fileEncoding = 4; lastKnownFileType = sourcecode.swift; path = Size.swift; sourceTree = "<group>"; };
		879190452755844B00A6A29A /* KeyboardPresenting.swift */ = {isa = PBXFileReference; fileEncoding = 4; lastKnownFileType = sourcecode.swift; path = KeyboardPresenting.swift; sourceTree = "<group>"; };
		879190462755844B00A6A29A /* Constrainable.swift */ = {isa = PBXFileReference; fileEncoding = 4; lastKnownFileType = sourcecode.swift; path = Constrainable.swift; sourceTree = "<group>"; };
		879190472755844B00A6A29A /* Constraining.swift */ = {isa = PBXFileReference; fileEncoding = 4; lastKnownFileType = sourcecode.swift; path = Constraining.swift; sourceTree = "<group>"; };
		87919050275586DF00A6A29A /* NSLayoutConstraint.swift */ = {isa = PBXFileReference; fileEncoding = 4; lastKnownFileType = sourcecode.swift; path = NSLayoutConstraint.swift; sourceTree = "<group>"; };
		87E77FB3274BF19600D0EAA4 /* CustomVideo.app */ = {isa = PBXFileReference; explicitFileType = wrapper.application; includeInIndex = 0; path = CustomVideo.app; sourceTree = BUILT_PRODUCTS_DIR; };
		87E77FB6274BF19600D0EAA4 /* AppDelegate.swift */ = {isa = PBXFileReference; lastKnownFileType = sourcecode.swift; path = AppDelegate.swift; sourceTree = "<group>"; };
		87E77FB8274BF19600D0EAA4 /* SceneDelegate.swift */ = {isa = PBXFileReference; lastKnownFileType = sourcecode.swift; path = SceneDelegate.swift; sourceTree = "<group>"; };
		87E77FBA274BF19600D0EAA4 /* ViewController.swift */ = {isa = PBXFileReference; lastKnownFileType = sourcecode.swift; path = ViewController.swift; sourceTree = "<group>"; };
		87E77FBD274BF19600D0EAA4 /* Base */ = {isa = PBXFileReference; lastKnownFileType = file.storyboard; name = Base; path = Base.lproj/Main.storyboard; sourceTree = "<group>"; };
		87E77FBF274BF19800D0EAA4 /* Assets.xcassets */ = {isa = PBXFileReference; lastKnownFileType = folder.assetcatalog; path = Assets.xcassets; sourceTree = "<group>"; };
		87E77FC2274BF19800D0EAA4 /* Base */ = {isa = PBXFileReference; lastKnownFileType = file.storyboard; name = Base; path = Base.lproj/LaunchScreen.storyboard; sourceTree = "<group>"; };
		87E77FC4274BF19800D0EAA4 /* Info.plist */ = {isa = PBXFileReference; lastKnownFileType = text.plist.xml; path = Info.plist; sourceTree = "<group>"; };
		87E77FCA274BF1B400D0EAA4 /* PreviewView.swift */ = {isa = PBXFileReference; fileEncoding = 4; lastKnownFileType = sourcecode.swift; path = PreviewView.swift; sourceTree = "<group>"; };
		87E77FCC274BF1BA00D0EAA4 /* Configurable.swift */ = {isa = PBXFileReference; fileEncoding = 4; lastKnownFileType = sourcecode.swift; path = Configurable.swift; sourceTree = "<group>"; };
		87E77FCE274BF4C700D0EAA4 /* CameraController.swift */ = {isa = PBXFileReference; lastKnownFileType = sourcecode.swift; path = CameraController.swift; sourceTree = "<group>"; };
		87E77FD0274C03FB00D0EAA4 /* AudioController.swift */ = {isa = PBXFileReference; lastKnownFileType = sourcecode.swift; path = AudioController.swift; sourceTree = "<group>"; };
/* End PBXFileReference section */

/* Begin PBXFrameworksBuildPhase section */
		87E77FB0274BF19600D0EAA4 /* Frameworks */ = {
			isa = PBXFrameworksBuildPhase;
			buildActionMask = 2147483647;
			files = (
			);
			runOnlyForDeploymentPostprocessing = 0;
		};
/* End PBXFrameworksBuildPhase section */

/* Begin PBXGroup section */
		8791903F2755844B00A6A29A /* Layout */ = {
			isa = PBXGroup;
			children = (
				879190402755844B00A6A29A /* Constraints.swift */,
				879190412755844B00A6A29A /* Anchor.swift */,
				879190422755844B00A6A29A /* LayoutExtensions.swift */,
				879190432755844B00A6A29A /* Axes.swift */,
				879190442755844B00A6A29A /* Size.swift */,
				879190452755844B00A6A29A /* KeyboardPresenting.swift */,
				879190462755844B00A6A29A /* Constrainable.swift */,
				879190472755844B00A6A29A /* Constraining.swift */,
			);
			path = Layout;
			sourceTree = "<group>";
		};
		87E77FAA274BF19600D0EAA4 = {
			isa = PBXGroup;
			children = (
				87E77FB5274BF19600D0EAA4 /* CustomVideo */,
				87E77FB4274BF19600D0EAA4 /* Products */,
			);
			sourceTree = "<group>";
		};
		87E77FB4274BF19600D0EAA4 /* Products */ = {
			isa = PBXGroup;
			children = (
				87E77FB3274BF19600D0EAA4 /* CustomVideo.app */,
			);
			name = Products;
			sourceTree = "<group>";
		};
		87E77FB5274BF19600D0EAA4 /* CustomVideo */ = {
			isa = PBXGroup;
			children = (
				87E77FB6274BF19600D0EAA4 /* AppDelegate.swift */,
				87E77FB8274BF19600D0EAA4 /* SceneDelegate.swift */,
				87E77FBA274BF19600D0EAA4 /* ViewController.swift */,
				87E77FCE274BF4C700D0EAA4 /* CameraController.swift */,
				87E77FD0274C03FB00D0EAA4 /* AudioController.swift */,
				87E77FCA274BF1B400D0EAA4 /* PreviewView.swift */,
				87E77FCC274BF1BA00D0EAA4 /* Configurable.swift */,
				8791903F2755844B00A6A29A /* Layout */,
				87919050275586DF00A6A29A /* NSLayoutConstraint.swift */,
				87E77FBC274BF19600D0EAA4 /* Main.storyboard */,
				87E77FBF274BF19800D0EAA4 /* Assets.xcassets */,
				87E77FC1274BF19800D0EAA4 /* LaunchScreen.storyboard */,
				87E77FC4274BF19800D0EAA4 /* Info.plist */,
			);
			path = CustomVideo;
			sourceTree = "<group>";
		};
/* End PBXGroup section */

/* Begin PBXNativeTarget section */
		87E77FB2274BF19600D0EAA4 /* CustomVideo */ = {
			isa = PBXNativeTarget;
			buildConfigurationList = 87E77FC7274BF19800D0EAA4 /* Build configuration list for PBXNativeTarget "CustomVideo" */;
			buildPhases = (
				87E77FAF274BF19600D0EAA4 /* Sources */,
				87E77FB0274BF19600D0EAA4 /* Frameworks */,
				87E77FB1274BF19600D0EAA4 /* Resources */,
			);
			buildRules = (
			);
			dependencies = (
			);
			name = CustomVideo;
			productName = CustomVideo;
			productReference = 87E77FB3274BF19600D0EAA4 /* CustomVideo.app */;
			productType = "com.apple.product-type.application";
		};
/* End PBXNativeTarget section */

/* Begin PBXProject section */
		87E77FAB274BF19600D0EAA4 /* Project object */ = {
			isa = PBXProject;
			attributes = {
				BuildIndependentTargetsInParallel = 1;
				LastSwiftUpdateCheck = 1310;
				LastUpgradeCheck = 1310;
				TargetAttributes = {
					87E77FB2274BF19600D0EAA4 = {
						CreatedOnToolsVersion = 13.1;
					};
				};
			};
			buildConfigurationList = 87E77FAE274BF19600D0EAA4 /* Build configuration list for PBXProject "CustomVideo" */;
			compatibilityVersion = "Xcode 13.0";
			developmentRegion = en;
			hasScannedForEncodings = 0;
			knownRegions = (
				en,
				Base,
			);
			mainGroup = 87E77FAA274BF19600D0EAA4;
			productRefGroup = 87E77FB4274BF19600D0EAA4 /* Products */;
			projectDirPath = "";
			projectRoot = "";
			targets = (
				87E77FB2274BF19600D0EAA4 /* CustomVideo */,
			);
		};
/* End PBXProject section */

/* Begin PBXResourcesBuildPhase section */
		87E77FB1274BF19600D0EAA4 /* Resources */ = {
			isa = PBXResourcesBuildPhase;
			buildActionMask = 2147483647;
			files = (
				87E77FC3274BF19800D0EAA4 /* LaunchScreen.storyboard in Resources */,
				87E77FC0274BF19800D0EAA4 /* Assets.xcassets in Resources */,
				87E77FBE274BF19600D0EAA4 /* Main.storyboard in Resources */,
			);
			runOnlyForDeploymentPostprocessing = 0;
		};
/* End PBXResourcesBuildPhase section */

/* Begin PBXSourcesBuildPhase section */
		87E77FAF274BF19600D0EAA4 /* Sources */ = {
			isa = PBXSourcesBuildPhase;
			buildActionMask = 2147483647;
			files = (
				87E77FD1274C03FB00D0EAA4 /* AudioController.swift in Sources */,
				8791904D2755844B00A6A29A /* KeyboardPresenting.swift in Sources */,
				87E77FCF274BF4C700D0EAA4 /* CameraController.swift in Sources */,
				87E77FCD274BF1BA00D0EAA4 /* Configurable.swift in Sources */,
				87E77FBB274BF19600D0EAA4 /* ViewController.swift in Sources */,
				8791904C2755844B00A6A29A /* Size.swift in Sources */,
				879190482755844B00A6A29A /* Constraints.swift in Sources */,
				87919051275586DF00A6A29A /* NSLayoutConstraint.swift in Sources */,
				8791904E2755844B00A6A29A /* Constrainable.swift in Sources */,
				87E77FCB274BF1B400D0EAA4 /* PreviewView.swift in Sources */,
				87E77FB7274BF19600D0EAA4 /* AppDelegate.swift in Sources */,
				8791904B2755844B00A6A29A /* Axes.swift in Sources */,
				8791904A2755844B00A6A29A /* LayoutExtensions.swift in Sources */,
				879190492755844B00A6A29A /* Anchor.swift in Sources */,
				87E77FB9274BF19600D0EAA4 /* SceneDelegate.swift in Sources */,
				8791904F2755844B00A6A29A /* Constraining.swift in Sources */,
			);
			runOnlyForDeploymentPostprocessing = 0;
		};
/* End PBXSourcesBuildPhase section */

/* Begin PBXVariantGroup section */
		87E77FBC274BF19600D0EAA4 /* Main.storyboard */ = {
			isa = PBXVariantGroup;
			children = (
				87E77FBD274BF19600D0EAA4 /* Base */,
			);
			name = Main.storyboard;
			sourceTree = "<group>";
		};
		87E77FC1274BF19800D0EAA4 /* LaunchScreen.storyboard */ = {
			isa = PBXVariantGroup;
			children = (
				87E77FC2274BF19800D0EAA4 /* Base */,
			);
			name = LaunchScreen.storyboard;
			sourceTree = "<group>";
		};
/* End PBXVariantGroup section */

/* Begin XCBuildConfiguration section */
		87E77FC5274BF19800D0EAA4 /* Debug */ = {
			isa = XCBuildConfiguration;
			buildSettings = {
				ALWAYS_SEARCH_USER_PATHS = NO;
				CLANG_ANALYZER_NONNULL = YES;
				CLANG_ANALYZER_NUMBER_OBJECT_CONVERSION = YES_AGGRESSIVE;
				CLANG_CXX_LANGUAGE_STANDARD = "gnu++17";
				CLANG_CXX_LIBRARY = "libc++";
				CLANG_ENABLE_MODULES = YES;
				CLANG_ENABLE_OBJC_ARC = YES;
				CLANG_ENABLE_OBJC_WEAK = YES;
				CLANG_WARN_BLOCK_CAPTURE_AUTORELEASING = YES;
				CLANG_WARN_BOOL_CONVERSION = YES;
				CLANG_WARN_COMMA = YES;
				CLANG_WARN_CONSTANT_CONVERSION = YES;
				CLANG_WARN_DEPRECATED_OBJC_IMPLEMENTATIONS = YES;
				CLANG_WARN_DIRECT_OBJC_ISA_USAGE = YES_ERROR;
				CLANG_WARN_DOCUMENTATION_COMMENTS = YES;
				CLANG_WARN_EMPTY_BODY = YES;
				CLANG_WARN_ENUM_CONVERSION = YES;
				CLANG_WARN_INFINITE_RECURSION = YES;
				CLANG_WARN_INT_CONVERSION = YES;
				CLANG_WARN_NON_LITERAL_NULL_CONVERSION = YES;
				CLANG_WARN_OBJC_IMPLICIT_RETAIN_SELF = YES;
				CLANG_WARN_OBJC_LITERAL_CONVERSION = YES;
				CLANG_WARN_OBJC_ROOT_CLASS = YES_ERROR;
				CLANG_WARN_QUOTED_INCLUDE_IN_FRAMEWORK_HEADER = YES;
				CLANG_WARN_RANGE_LOOP_ANALYSIS = YES;
				CLANG_WARN_STRICT_PROTOTYPES = YES;
				CLANG_WARN_SUSPICIOUS_MOVE = YES;
				CLANG_WARN_UNGUARDED_AVAILABILITY = YES_AGGRESSIVE;
				CLANG_WARN_UNREACHABLE_CODE = YES;
				CLANG_WARN__DUPLICATE_METHOD_MATCH = YES;
				COPY_PHASE_STRIP = NO;
				DEBUG_INFORMATION_FORMAT = dwarf;
				ENABLE_STRICT_OBJC_MSGSEND = YES;
				ENABLE_TESTABILITY = YES;
				GCC_C_LANGUAGE_STANDARD = gnu11;
				GCC_DYNAMIC_NO_PIC = NO;
				GCC_NO_COMMON_BLOCKS = YES;
				GCC_OPTIMIZATION_LEVEL = 0;
				GCC_PREPROCESSOR_DEFINITIONS = (
					"DEBUG=1",
					"$(inherited)",
				);
				GCC_WARN_64_TO_32_BIT_CONVERSION = YES;
				GCC_WARN_ABOUT_RETURN_TYPE = YES_ERROR;
				GCC_WARN_UNDECLARED_SELECTOR = YES;
				GCC_WARN_UNINITIALIZED_AUTOS = YES_AGGRESSIVE;
				GCC_WARN_UNUSED_FUNCTION = YES;
				GCC_WARN_UNUSED_VARIABLE = YES;
				IPHONEOS_DEPLOYMENT_TARGET = 15.0;
				MTL_ENABLE_DEBUG_INFO = INCLUDE_SOURCE;
				MTL_FAST_MATH = YES;
				ONLY_ACTIVE_ARCH = YES;
				SDKROOT = iphoneos;
				SWIFT_ACTIVE_COMPILATION_CONDITIONS = DEBUG;
				SWIFT_OPTIMIZATION_LEVEL = "-Onone";
			};
			name = Debug;
		};
		87E77FC6274BF19800D0EAA4 /* Release */ = {
			isa = XCBuildConfiguration;
			buildSettings = {
				ALWAYS_SEARCH_USER_PATHS = NO;
				CLANG_ANALYZER_NONNULL = YES;
				CLANG_ANALYZER_NUMBER_OBJECT_CONVERSION = YES_AGGRESSIVE;
				CLANG_CXX_LANGUAGE_STANDARD = "gnu++17";
				CLANG_CXX_LIBRARY = "libc++";
				CLANG_ENABLE_MODULES = YES;
				CLANG_ENABLE_OBJC_ARC = YES;
				CLANG_ENABLE_OBJC_WEAK = YES;
				CLANG_WARN_BLOCK_CAPTURE_AUTORELEASING = YES;
				CLANG_WARN_BOOL_CONVERSION = YES;
				CLANG_WARN_COMMA = YES;
				CLANG_WARN_CONSTANT_CONVERSION = YES;
				CLANG_WARN_DEPRECATED_OBJC_IMPLEMENTATIONS = YES;
				CLANG_WARN_DIRECT_OBJC_ISA_USAGE = YES_ERROR;
				CLANG_WARN_DOCUMENTATION_COMMENTS = YES;
				CLANG_WARN_EMPTY_BODY = YES;
				CLANG_WARN_ENUM_CONVERSION = YES;
				CLANG_WARN_INFINITE_RECURSION = YES;
				CLANG_WARN_INT_CONVERSION = YES;
				CLANG_WARN_NON_LITERAL_NULL_CONVERSION = YES;
				CLANG_WARN_OBJC_IMPLICIT_RETAIN_SELF = YES;
				CLANG_WARN_OBJC_LITERAL_CONVERSION = YES;
				CLANG_WARN_OBJC_ROOT_CLASS = YES_ERROR;
				CLANG_WARN_QUOTED_INCLUDE_IN_FRAMEWORK_HEADER = YES;
				CLANG_WARN_RANGE_LOOP_ANALYSIS = YES;
				CLANG_WARN_STRICT_PROTOTYPES = YES;
				CLANG_WARN_SUSPICIOUS_MOVE = YES;
				CLANG_WARN_UNGUARDED_AVAILABILITY = YES_AGGRESSIVE;
				CLANG_WARN_UNREACHABLE_CODE = YES;
				CLANG_WARN__DUPLICATE_METHOD_MATCH = YES;
				COPY_PHASE_STRIP = NO;
				DEBUG_INFORMATION_FORMAT = "dwarf-with-dsym";
				ENABLE_NS_ASSERTIONS = NO;
				ENABLE_STRICT_OBJC_MSGSEND = YES;
				GCC_C_LANGUAGE_STANDARD = gnu11;
				GCC_NO_COMMON_BLOCKS = YES;
				GCC_WARN_64_TO_32_BIT_CONVERSION = YES;
				GCC_WARN_ABOUT_RETURN_TYPE = YES_ERROR;
				GCC_WARN_UNDECLARED_SELECTOR = YES;
				GCC_WARN_UNINITIALIZED_AUTOS = YES_AGGRESSIVE;
				GCC_WARN_UNUSED_FUNCTION = YES;
				GCC_WARN_UNUSED_VARIABLE = YES;
				IPHONEOS_DEPLOYMENT_TARGET = 15.0;
				MTL_ENABLE_DEBUG_INFO = NO;
				MTL_FAST_MATH = YES;
				SDKROOT = iphoneos;
				SWIFT_COMPILATION_MODE = wholemodule;
				SWIFT_OPTIMIZATION_LEVEL = "-O";
				VALIDATE_PRODUCT = YES;
			};
			name = Release;
		};
		87E77FC8274BF19800D0EAA4 /* Debug */ = {
			isa = XCBuildConfiguration;
			buildSettings = {
				ASSETCATALOG_COMPILER_APPICON_NAME = AppIcon;
				ASSETCATALOG_COMPILER_GLOBAL_ACCENT_COLOR_NAME = AccentColor;
				CODE_SIGN_STYLE = Automatic;
				CURRENT_PROJECT_VERSION = 1;
				DEVELOPMENT_TEAM = Q9M64Q4ZZ7;
				GENERATE_INFOPLIST_FILE = YES;
				INFOPLIST_FILE = CustomVideo/Info.plist;
				INFOPLIST_KEY_UIApplicationSupportsIndirectInputEvents = YES;
				INFOPLIST_KEY_UILaunchStoryboardName = LaunchScreen;
				INFOPLIST_KEY_UIMainStoryboardFile = Main;
				INFOPLIST_KEY_UISupportedInterfaceOrientations_iPad = "UIInterfaceOrientationPortrait UIInterfaceOrientationPortraitUpsideDown UIInterfaceOrientationLandscapeLeft UIInterfaceOrientationLandscapeRight";
				INFOPLIST_KEY_UISupportedInterfaceOrientations_iPhone = "UIInterfaceOrientationPortrait UIInterfaceOrientationLandscapeLeft UIInterfaceOrientationLandscapeRight";
				LD_RUNPATH_SEARCH_PATHS = (
					"$(inherited)",
					"@executable_path/Frameworks",
				);
				MARKETING_VERSION = 1.0;
				PRODUCT_BUNDLE_IDENTIFIER = com.chadparker.CustomVideo;
				PRODUCT_NAME = "$(TARGET_NAME)";
				SWIFT_EMIT_LOC_STRINGS = YES;
				SWIFT_VERSION = 5.0;
				TARGETED_DEVICE_FAMILY = "1,2";
			};
			name = Debug;
		};
		87E77FC9274BF19800D0EAA4 /* Release */ = {
			isa = XCBuildConfiguration;
			buildSettings = {
				ASSETCATALOG_COMPILER_APPICON_NAME = AppIcon;
				ASSETCATALOG_COMPILER_GLOBAL_ACCENT_COLOR_NAME = AccentColor;
				CODE_SIGN_STYLE = Automatic;
				CURRENT_PROJECT_VERSION = 1;
				DEVELOPMENT_TEAM = Q9M64Q4ZZ7;
				GENERATE_INFOPLIST_FILE = YES;
				INFOPLIST_FILE = CustomVideo/Info.plist;
				INFOPLIST_KEY_UIApplicationSupportsIndirectInputEvents = YES;
				INFOPLIST_KEY_UILaunchStoryboardName = LaunchScreen;
				INFOPLIST_KEY_UIMainStoryboardFile = Main;
				INFOPLIST_KEY_UISupportedInterfaceOrientations_iPad = "UIInterfaceOrientationPortrait UIInterfaceOrientationPortraitUpsideDown UIInterfaceOrientationLandscapeLeft UIInterfaceOrientationLandscapeRight";
				INFOPLIST_KEY_UISupportedInterfaceOrientations_iPhone = "UIInterfaceOrientationPortrait UIInterfaceOrientationLandscapeLeft UIInterfaceOrientationLandscapeRight";
				LD_RUNPATH_SEARCH_PATHS = (
					"$(inherited)",
					"@executable_path/Frameworks",
				);
				MARKETING_VERSION = 1.0;
				PRODUCT_BUNDLE_IDENTIFIER = com.chadparker.CustomVideo;
				PRODUCT_NAME = "$(TARGET_NAME)";
				SWIFT_EMIT_LOC_STRINGS = YES;
				SWIFT_VERSION = 5.0;
				TARGETED_DEVICE_FAMILY = "1,2";
			};
			name = Release;
		};
/* End XCBuildConfiguration section */

/* Begin XCConfigurationList section */
		87E77FAE274BF19600D0EAA4 /* Build configuration list for PBXProject "CustomVideo" */ = {
			isa = XCConfigurationList;
			buildConfigurations = (
				87E77FC5274BF19800D0EAA4 /* Debug */,
				87E77FC6274BF19800D0EAA4 /* Release */,
			);
			defaultConfigurationIsVisible = 0;
			defaultConfigurationName = Release;
		};
		87E77FC7274BF19800D0EAA4 /* Build configuration list for PBXNativeTarget "CustomVideo" */ = {
			isa = XCConfigurationList;
			buildConfigurations = (
				87E77FC8274BF19800D0EAA4 /* Debug */,
				87E77FC9274BF19800D0EAA4 /* Release */,
			);
			defaultConfigurationIsVisible = 0;
			defaultConfigurationName = Release;
		};
/* End XCConfigurationList section */
	};
	rootObject = 87E77FAB274BF19600D0EAA4 /* Project object */;
}
